// !$*UTF8*$!
{
	archiveVersion = 1;
	classes = {
	};
	objectVersion = 50;
	objects = {

/* Begin PBXBuildFile section */
		48F4B56422F146CB000C295D /* AppDelegate.swift in Sources */ = {isa = PBXBuildFile; fileRef = 48F4B56322F146CB000C295D /* AppDelegate.swift */; };
		48F4B56622F146CB000C295D /* ViewController.swift in Sources */ = {isa = PBXBuildFile; fileRef = 48F4B56522F146CB000C295D /* ViewController.swift */; };
		48F4B56922F146CB000C295D /* Main.storyboard in Resources */ = {isa = PBXBuildFile; fileRef = 48F4B56722F146CB000C295D /* Main.storyboard */; };
		48F4B56B22F146CC000C295D /* Assets.xcassets in Resources */ = {isa = PBXBuildFile; fileRef = 48F4B56A22F146CC000C295D /* Assets.xcassets */; };
		48F4B56E22F146CC000C295D /* LaunchScreen.storyboard in Resources */ = {isa = PBXBuildFile; fileRef = 48F4B56C22F146CC000C295D /* LaunchScreen.storyboard */; };
		48F4B57E22F15601000C295D /* BlackjackViewController.swift in Sources */ = {isa = PBXBuildFile; fileRef = 48F4B57D22F15601000C295D /* BlackjackViewController.swift */; };
		48F4B58022F15610000C295D /* WarViewController.swift in Sources */ = {isa = PBXBuildFile; fileRef = 48F4B57F22F15610000C295D /* WarViewController.swift */; };
		48F4B58222F1585F000C295D /* war_card.swift in Sources */ = {isa = PBXBuildFile; fileRef = 48F4B58122F1585F000C295D /* war_card.swift */; };
		48F4B58422F1586A000C295D /* war_deck.swift in Sources */ = {isa = PBXBuildFile; fileRef = 48F4B58322F1586A000C295D /* war_deck.swift */; };
		48F4B58622F15876000C295D /* war_user.swift in Sources */ = {isa = PBXBuildFile; fileRef = 48F4B58522F15876000C295D /* war_user.swift */; };
		48F4B58822F15D7A000C295D /* blackjack_card.swift in Sources */ = {isa = PBXBuildFile; fileRef = 48F4B58722F15D7A000C295D /* blackjack_card.swift */; };
		48F4B58A22F15D84000C295D /* blackjack_deck.swift in Sources */ = {isa = PBXBuildFile; fileRef = 48F4B58922F15D84000C295D /* blackjack_deck.swift */; };
		48F4B58C22F15D93000C295D /* blackjack_user.swift in Sources */ = {isa = PBXBuildFile; fileRef = 48F4B58B22F15D93000C295D /* blackjack_user.swift */; };
		48F4B58E22F15DE8000C295D /* blackjack_stack.swift in Sources */ = {isa = PBXBuildFile; fileRef = 48F4B58D22F15DE8000C295D /* blackjack_stack.swift */; };
/* End PBXBuildFile section */

/* Begin PBXFileReference section */
		48F4B56022F146CB000C295D /* Casino.app */ = {isa = PBXFileReference; explicitFileType = wrapper.application; includeInIndex = 0; path = Casino.app; sourceTree = BUILT_PRODUCTS_DIR; };
		48F4B56322F146CB000C295D /* AppDelegate.swift */ = {isa = PBXFileReference; lastKnownFileType = sourcecode.swift; path = AppDelegate.swift; sourceTree = "<group>"; };
		48F4B56522F146CB000C295D /* ViewController.swift */ = {isa = PBXFileReference; lastKnownFileType = sourcecode.swift; path = ViewController.swift; sourceTree = "<group>"; };
		48F4B56822F146CB000C295D /* Base */ = {isa = PBXFileReference; lastKnownFileType = file.storyboard; name = Base; path = Base.lproj/Main.storyboard; sourceTree = "<group>"; };
		48F4B56A22F146CC000C295D /* Assets.xcassets */ = {isa = PBXFileReference; lastKnownFileType = folder.assetcatalog; path = Assets.xcassets; sourceTree = "<group>"; };
		48F4B56D22F146CC000C295D /* Base */ = {isa = PBXFileReference; lastKnownFileType = file.storyboard; name = Base; path = Base.lproj/LaunchScreen.storyboard; sourceTree = "<group>"; };
		48F4B56F22F146CC000C295D /* Info.plist */ = {isa = PBXFileReference; lastKnownFileType = text.plist.xml; path = Info.plist; sourceTree = "<group>"; };
		48F4B57D22F15601000C295D /* BlackjackViewController.swift */ = {isa = PBXFileReference; lastKnownFileType = sourcecode.swift; path = BlackjackViewController.swift; sourceTree = "<group>"; };
		48F4B57F22F15610000C295D /* WarViewController.swift */ = {isa = PBXFileReference; lastKnownFileType = sourcecode.swift; path = WarViewController.swift; sourceTree = "<group>"; };
		48F4B58122F1585F000C295D /* war_card.swift */ = {isa = PBXFileReference; lastKnownFileType = sourcecode.swift; path = war_card.swift; sourceTree = "<group>"; };
		48F4B58322F1586A000C295D /* war_deck.swift */ = {isa = PBXFileReference; lastKnownFileType = sourcecode.swift; path = war_deck.swift; sourceTree = "<group>"; };
		48F4B58522F15876000C295D /* war_user.swift */ = {isa = PBXFileReference; lastKnownFileType = sourcecode.swift; path = war_user.swift; sourceTree = "<group>"; };
		48F4B58722F15D7A000C295D /* blackjack_card.swift */ = {isa = PBXFileReference; lastKnownFileType = sourcecode.swift; path = blackjack_card.swift; sourceTree = "<group>"; };
		48F4B58922F15D84000C295D /* blackjack_deck.swift */ = {isa = PBXFileReference; lastKnownFileType = sourcecode.swift; path = blackjack_deck.swift; sourceTree = "<group>"; };
		48F4B58B22F15D93000C295D /* blackjack_user.swift */ = {isa = PBXFileReference; lastKnownFileType = sourcecode.swift; path = blackjack_user.swift; sourceTree = "<group>"; };
		48F4B58D22F15DE8000C295D /* blackjack_stack.swift */ = {isa = PBXFileReference; lastKnownFileType = sourcecode.swift; path = blackjack_stack.swift; sourceTree = "<group>"; };
/* End PBXFileReference section */

/* Begin PBXFrameworksBuildPhase section */
		48F4B55D22F146CB000C295D /* Frameworks */ = {
			isa = PBXFrameworksBuildPhase;
			buildActionMask = 2147483647;
			files = (
			);
			runOnlyForDeploymentPostprocessing = 0;
		};
/* End PBXFrameworksBuildPhase section */

/* Begin PBXGroup section */
		48F4B55722F146CB000C295D = {
			isa = PBXGroup;
			children = (
				48F4B56222F146CB000C295D /* Casino */,
				48F4B56122F146CB000C295D /* Products */,
			);
			sourceTree = "<group>";
		};
		48F4B56122F146CB000C295D /* Products */ = {
			isa = PBXGroup;
			children = (
				48F4B56022F146CB000C295D /* Casino.app */,
			);
			name = Products;
			sourceTree = "<group>";
		};
		48F4B56222F146CB000C295D /* Casino */ = {
			isa = PBXGroup;
			children = (
				48F4B56322F146CB000C295D /* AppDelegate.swift */,
				48F4B56522F146CB000C295D /* ViewController.swift */,
				48F4B56722F146CB000C295D /* Main.storyboard */,
				48F4B57D22F15601000C295D /* BlackjackViewController.swift */,
				48F4B57F22F15610000C295D /* WarViewController.swift */,
				48F4B56A22F146CC000C295D /* Assets.xcassets */,
				48F4B56C22F146CC000C295D /* LaunchScreen.storyboard */,
				48F4B56F22F146CC000C295D /* Info.plist */,
				48F4B58122F1585F000C295D /* war_card.swift */,
				48F4B58322F1586A000C295D /* war_deck.swift */,
				48F4B58522F15876000C295D /* war_user.swift */,
				48F4B58722F15D7A000C295D /* blackjack_card.swift */,
				48F4B58922F15D84000C295D /* blackjack_deck.swift */,
				48F4B58B22F15D93000C295D /* blackjack_user.swift */,
				48F4B58D22F15DE8000C295D /* blackjack_stack.swift */,
			);
			path = Casino;
			sourceTree = "<group>";
		};
/* End PBXGroup section */

/* Begin PBXNativeTarget section */
		48F4B55F22F146CB000C295D /* Casino */ = {
			isa = PBXNativeTarget;
			buildConfigurationList = 48F4B57222F146CC000C295D /* Build configuration list for PBXNativeTarget "Casino" */;
			buildPhases = (
				48F4B55C22F146CB000C295D /* Sources */,
				48F4B55D22F146CB000C295D /* Frameworks */,
				48F4B55E22F146CB000C295D /* Resources */,
			);
			buildRules = (
			);
			dependencies = (
			);
			name = Casino;
			productName = Casino;
			productReference = 48F4B56022F146CB000C295D /* Casino.app */;
			productType = "com.apple.product-type.application";
		};
/* End PBXNativeTarget section */

/* Begin PBXProject section */
		48F4B55822F146CB000C295D /* Project object */ = {
			isa = PBXProject;
			attributes = {
				LastSwiftUpdateCheck = 1020;
				LastUpgradeCheck = 1020;
				ORGANIZATIONNAME = "Aditya Chitta";
				TargetAttributes = {
					48F4B55F22F146CB000C295D = {
						CreatedOnToolsVersion = 10.2;
					};
				};
			};
			buildConfigurationList = 48F4B55B22F146CB000C295D /* Build configuration list for PBXProject "Casino" */;
			compatibilityVersion = "Xcode 9.3";
			developmentRegion = en;
			hasScannedForEncodings = 0;
			knownRegions = (
				en,
				Base,
			);
			mainGroup = 48F4B55722F146CB000C295D;
			productRefGroup = 48F4B56122F146CB000C295D /* Products */;
			projectDirPath = "";
			projectRoot = "";
			targets = (
				48F4B55F22F146CB000C295D /* Casino */,
			);
		};
/* End PBXProject section */

/* Begin PBXResourcesBuildPhase section */
		48F4B55E22F146CB000C295D /* Resources */ = {
			isa = PBXResourcesBuildPhase;
			buildActionMask = 2147483647;
			files = (
				48F4B56E22F146CC000C295D /* LaunchScreen.storyboard in Resources */,
				48F4B56B22F146CC000C295D /* Assets.xcassets in Resources */,
				48F4B56922F146CB000C295D /* Main.storyboard in Resources */,
			);
			runOnlyForDeploymentPostprocessing = 0;
		};
/* End PBXResourcesBuildPhase section */

/* Begin PBXSourcesBuildPhase section */
		48F4B55C22F146CB000C295D /* Sources */ = {
			isa = PBXSourcesBuildPhase;
			buildActionMask = 2147483647;
			files = (
				48F4B56622F146CB000C295D /* ViewController.swift in Sources */,
				48F4B56422F146CB000C295D /* AppDelegate.swift in Sources */,
				48F4B58622F15876000C295D /* war_user.swift in Sources */,
				48F4B57E22F15601000C295D /* BlackjackViewController.swift in Sources */,
				48F4B58022F15610000C295D /* WarViewController.swift in Sources */,
				48F4B58C22F15D93000C295D /* blackjack_user.swift in Sources */,
				48F4B58A22F15D84000C295D /* blackjack_deck.swift in Sources */,
				48F4B58222F1585F000C295D /* war_card.swift in Sources */,
				48F4B58E22F15DE8000C295D /* blackjack_stack.swift in Sources */,
				48F4B58822F15D7A000C295D /* blackjack_card.swift in Sources */,
				48F4B58422F1586A000C295D /* war_deck.swift in Sources */,
			);
			runOnlyForDeploymentPostprocessing = 0;
		};
/* End PBXSourcesBuildPhase section */

/* Begin PBXVariantGroup section */
		48F4B56722F146CB000C295D /* Main.storyboard */ = {
			isa = PBXVariantGroup;
			children = (
				48F4B56822F146CB000C295D /* Base */,
			);
			name = Main.storyboard;
			sourceTree = "<group>";
		};
		48F4B56C22F146CC000C295D /* LaunchScreen.storyboard */ = {
			isa = PBXVariantGroup;
			children = (
				48F4B56D22F146CC000C295D /* Base */,
			);
			name = LaunchScreen.storyboard;
			sourceTree = "<group>";
		};
/* End PBXVariantGroup section */

/* Begin XCBuildConfiguration section */
		48F4B57022F146CC000C295D /* Debug */ = {
			isa = XCBuildConfiguration;
			buildSettings = {
				ALWAYS_SEARCH_USER_PATHS = NO;
				CLANG_ANALYZER_NONNULL = YES;
				CLANG_ANALYZER_NUMBER_OBJECT_CONVERSION = YES_AGGRESSIVE;
				CLANG_CXX_LANGUAGE_STANDARD = "gnu++14";
				CLANG_CXX_LIBRARY = "libc++";
				CLANG_ENABLE_MODULES = YES;
				CLANG_ENABLE_OBJC_ARC = YES;
				CLANG_ENABLE_OBJC_WEAK = YES;
				CLANG_WARN_BLOCK_CAPTURE_AUTORELEASING = YES;
				CLANG_WARN_BOOL_CONVERSION = YES;
				CLANG_WARN_COMMA = YES;
				CLANG_WARN_CONSTANT_CONVERSION = YES;
				CLANG_WARN_DEPRECATED_OBJC_IMPLEMENTATIONS = YES;
				CLANG_WARN_DIRECT_OBJC_ISA_USAGE = YES_ERROR;
				CLANG_WARN_DOCUMENTATION_COMMENTS = YES;
				CLANG_WARN_EMPTY_BODY = YES;
				CLANG_WARN_ENUM_CONVERSION = YES;
				CLANG_WARN_INFINITE_RECURSION = YES;
				CLANG_WARN_INT_CONVERSION = YES;
				CLANG_WARN_NON_LITERAL_NULL_CONVERSION = YES;
				CLANG_WARN_OBJC_IMPLICIT_RETAIN_SELF = YES;
				CLANG_WARN_OBJC_LITERAL_CONVERSION = YES;
				CLANG_WARN_OBJC_ROOT_CLASS = YES_ERROR;
				CLANG_WARN_RANGE_LOOP_ANALYSIS = YES;
				CLANG_WARN_STRICT_PROTOTYPES = YES;
				CLANG_WARN_SUSPICIOUS_MOVE = YES;
				CLANG_WARN_UNGUARDED_AVAILABILITY = YES_AGGRESSIVE;
				CLANG_WARN_UNREACHABLE_CODE = YES;
				CLANG_WARN__DUPLICATE_METHOD_MATCH = YES;
				CODE_SIGN_IDENTITY = "iPhone Developer";
				COPY_PHASE_STRIP = NO;
				DEBUG_INFORMATION_FORMAT = dwarf;
				ENABLE_STRICT_OBJC_MSGSEND = YES;
				ENABLE_TESTABILITY = YES;
				GCC_C_LANGUAGE_STANDARD = gnu11;
				GCC_DYNAMIC_NO_PIC = NO;
				GCC_NO_COMMON_BLOCKS = YES;
				GCC_OPTIMIZATION_LEVEL = 0;
				GCC_PREPROCESSOR_DEFINITIONS = (
					"DEBUG=1",
					"$(inherited)",
				);
				GCC_WARN_64_TO_32_BIT_CONVERSION = YES;
				GCC_WARN_ABOUT_RETURN_TYPE = YES_ERROR;
				GCC_WARN_UNDECLARED_SELECTOR = YES;
				GCC_WARN_UNINITIALIZED_AUTOS = YES_AGGRESSIVE;
				GCC_WARN_UNUSED_FUNCTION = YES;
				GCC_WARN_UNUSED_VARIABLE = YES;
				IPHONEOS_DEPLOYMENT_TARGET = 12.2;
				MTL_ENABLE_DEBUG_INFO = INCLUDE_SOURCE;
				MTL_FAST_MATH = YES;
				ONLY_ACTIVE_ARCH = YES;
				SDKROOT = iphoneos;
				SWIFT_ACTIVE_COMPILATION_CONDITIONS = DEBUG;
				SWIFT_OPTIMIZATION_LEVEL = "-Onone";
			};
			name = Debug;
		};
		48F4B57122F146CC000C295D /* Release */ = {
			isa = XCBuildConfiguration;
			buildSettings = {
				ALWAYS_SEARCH_USER_PATHS = NO;
				CLANG_ANALYZER_NONNULL = YES;
				CLANG_ANALYZER_NUMBER_OBJECT_CONVERSION = YES_AGGRESSIVE;
				CLANG_CXX_LANGUAGE_STANDARD = "gnu++14";
				CLANG_CXX_LIBRARY = "libc++";
				CLANG_ENABLE_MODULES = YES;
				CLANG_ENABLE_OBJC_ARC = YES;
				CLANG_ENABLE_OBJC_WEAK = YES;
				CLANG_WARN_BLOCK_CAPTURE_AUTORELEASING = YES;
				CLANG_WARN_BOOL_CONVERSION = YES;
				CLANG_WARN_COMMA = YES;
				CLANG_WARN_CONSTANT_CONVERSION = YES;
				CLANG_WARN_DEPRECATED_OBJC_IMPLEMENTATIONS = YES;
				CLANG_WARN_DIRECT_OBJC_ISA_USAGE = YES_ERROR;
				CLANG_WARN_DOCUMENTATION_COMMENTS = YES;
				CLANG_WARN_EMPTY_BODY = YES;
				CLANG_WARN_ENUM_CONVERSION = YES;
				CLANG_WARN_INFINITE_RECURSION = YES;
				CLANG_WARN_INT_CONVERSION = YES;
				CLANG_WARN_NON_LITERAL_NULL_CONVERSION = YES;
				CLANG_WARN_OBJC_IMPLICIT_RETAIN_SELF = YES;
				CLANG_WARN_OBJC_LITERAL_CONVERSION = YES;
				CLANG_WARN_OBJC_ROOT_CLASS = YES_ERROR;
				CLANG_WARN_RANGE_LOOP_ANALYSIS = YES;
				CLANG_WARN_STRICT_PROTOTYPES = YES;
				CLANG_WARN_SUSPICIOUS_MOVE = YES;
				CLANG_WARN_UNGUARDED_AVAILABILITY = YES_AGGRESSIVE;
				CLANG_WARN_UNREACHABLE_CODE = YES;
				CLANG_WARN__DUPLICATE_METHOD_MATCH = YES;
				CODE_SIGN_IDENTITY = "iPhone Developer";
				COPY_PHASE_STRIP = NO;
				DEBUG_INFORMATION_FORMAT = "dwarf-with-dsym";
				ENABLE_NS_ASSERTIONS = NO;
				ENABLE_STRICT_OBJC_MSGSEND = YES;
				GCC_C_LANGUAGE_STANDARD = gnu11;
				GCC_NO_COMMON_BLOCKS = YES;
				GCC_WARN_64_TO_32_BIT_CONVERSION = YES;
				GCC_WARN_ABOUT_RETURN_TYPE = YES_ERROR;
				GCC_WARN_UNDECLARED_SELECTOR = YES;
				GCC_WARN_UNINITIALIZED_AUTOS = YES_AGGRESSIVE;
				GCC_WARN_UNUSED_FUNCTION = YES;
				GCC_WARN_UNUSED_VARIABLE = YES;
				IPHONEOS_DEPLOYMENT_TARGET = 12.2;
				MTL_ENABLE_DEBUG_INFO = NO;
				MTL_FAST_MATH = YES;
				SDKROOT = iphoneos;
				SWIFT_COMPILATION_MODE = wholemodule;
				SWIFT_OPTIMIZATION_LEVEL = "-O";
				VALIDATE_PRODUCT = YES;
			};
			name = Release;
		};
		48F4B57322F146CC000C295D /* Debug */ = {
			isa = XCBuildConfiguration;
			buildSettings = {
				ASSETCATALOG_COMPILER_APPICON_NAME = AppIcon;
				CODE_SIGN_STYLE = Automatic;
				INFOPLIST_FILE = Casino/Info.plist;
				LD_RUNPATH_SEARCH_PATHS = (
					"$(inherited)",
					"@executable_path/Frameworks",
				);
				PRODUCT_BUNDLE_IDENTIFIER = achitta.Casino;
				PRODUCT_NAME = "$(TARGET_NAME)";
				SWIFT_VERSION = 5.0;
				TARGETED_DEVICE_FAMILY = "1,2";
			};
			name = Debug;
		};
		48F4B57422F146CC000C295D /* Release */ = {
			isa = XCBuildConfiguration;
			buildSettings = {
				ASSETCATALOG_COMPILER_APPICON_NAME = AppIcon;
				CODE_SIGN_STYLE = Automatic;
				INFOPLIST_FILE = Casino/Info.plist;
				LD_RUNPATH_SEARCH_PATHS = (
					"$(inherited)",
					"@executable_path/Frameworks",
				);
				PRODUCT_BUNDLE_IDENTIFIER = achitta.Casino;
				PRODUCT_NAME = "$(TARGET_NAME)";
				SWIFT_VERSION = 5.0;
				TARGETED_DEVICE_FAMILY = "1,2";
			};
			name = Release;
		};
/* End XCBuildConfiguration section */

/* Begin XCConfigurationList section */
		48F4B55B22F146CB000C295D /* Build configuration list for PBXProject "Casino" */ = {
			isa = XCConfigurationList;
			buildConfigurations = (
				48F4B57022F146CC000C295D /* Debug */,
				48F4B57122F146CC000C295D /* Release */,
			);
			defaultConfigurationIsVisible = 0;
			defaultConfigurationName = Release;
		};
		48F4B57222F146CC000C295D /* Build configuration list for PBXNativeTarget "Casino" */ = {
			isa = XCConfigurationList;
			buildConfigurations = (
				48F4B57322F146CC000C295D /* Debug */,
				48F4B57422F146CC000C295D /* Release */,
			);
			defaultConfigurationIsVisible = 0;
			defaultConfigurationName = Release;
		};
/* End XCConfigurationList section */
	};
	rootObject = 48F4B55822F146CB000C295D /* Project object */;
}
